
Microsoft Visual Studio Solution File, Format Version 12.00
# Visual Studio Version 16
VisualStudioVersion = 16.0.33927.289
MinimumVisualStudioVersion = 10.0.40219.1
Project("{2150E333-8FDC-42A3-9474-1A3956D46DE8}") = "Task0", "Task0", "{9260D8F8-47D0-46E0-AA3C-16DB1583905E}"
EndProject
Project("{FAE04EC0-301F-11D3-BF4B-00C04F79EFBC}") = "Tyuiu.KomarovMI.Sprint0.Task0.V0", "Tyuiu.KomarovMI.Sprint0.Task0.V0\Tyuiu.KomarovMI.Sprint0.Task0.V0.csproj", "{E30D02D0-373B-4A51-A9F9-8F5404979C6A}"
EndProject
Project("{2150E333-8FDC-42A3-9474-1A3956D46DE8}") = "Task1", "Task1", "{FB05A146-904F-4EB2-BE21-80B4464DF29F}"
EndProject
Project("{FAE04EC0-301F-11D3-BF4B-00C04F79EFBC}") = "Tyuiu.KomarovMI.Sprint0.Task1.V0", "Tyuiu.KomarovMI.Sprint0.Task1.V0\Tyuiu.KomarovMI.Sprint0.Task1.V0.csproj", "{844254AD-BDA7-433F-9365-3911A1BF2AE9}"
EndProject
Project("{2150E333-8FDC-42A3-9474-1A3956D46DE8}") = "Task2", "Task2", "{DDB471EE-5737-4971-9BFC-D78767D879D4}"
EndProject
Project("{FAE04EC0-301F-11D3-BF4B-00C04F79EFBC}") = "Tyuiu.KomarovMI.Sprint0.Task2.V0", "Tyuiu.KomarovMI.Sprint0.Task2.V0\Tyuiu.KomarovMI.Sprint0.Task2.V0.csproj", "{01CECD99-6838-4F86-B3C7-D8835FFB89B7}"
EndProject
Project("{FAE04EC0-301F-11D3-BF4B-00C04F79EFBC}") = "Tyuiu.KomarovMI.Sprint0.Task2.V0.Lib", "Tyuiu.KomarovMI.Sprint0.task2.V0.Lib\Tyuiu.KomarovMI.Sprint0.Task2.V0.Lib.csproj", "{FA49EF27-DF01-4D06-BC1B-ABEA99E79BF6}"
EndProject
Project("{FAE04EC0-301F-11D3-BF4B-00C04F79EFBC}") = "Tyuiu.KomarovMI.Sprint0.Task2.V0.Test", "Tyuiu.KomarovMI.Sprint0.Task2.V0.Test\Tyuiu.KomarovMI.Sprint0.Task2.V0.Test.csproj", "{6B5AF3D6-EF45-4926-9DF4-018A004AAA76}"
EndProject
Project("{2150E333-8FDC-42A3-9474-1A3956D46DE8}") = "Task3", "Task3", "{47651623-C971-48AA-84DB-B846B43155B4}"
EndProject
Project("{FAE04EC0-301F-11D3-BF4B-00C04F79EFBC}") = "Tyuiu.KomarovMI.Sprint0.Task3.V0", "Tyuiu.KomarovMI.Sprint0.Task3.V0\Tyuiu.KomarovMI.Sprint0.Task3.V0.csproj", "{0E57EEA2-86F5-4163-B480-F2669F1D3CB7}"
EndProject
Project("{FAE04EC0-301F-11D3-BF4B-00C04F79EFBC}") = "Tyuiu.KomarovMI.Sprint0.Task3.V0.Lib", "Tyuiu.KomarovMI.Sprint0.Task3.V0.Lib\Tyuiu.KomarovMI.Sprint0.Task3.V0.Lib.csproj", "{30BE48ED-9906-4225-9667-A59F2A6C32EA}"
EndProject
Project("{FAE04EC0-301F-11D3-BF4B-00C04F79EFBC}") = "Tyuiu.KomarovMI.Sprint0.Task3.V0.Test", "Tyuiu.KomarovMI.Sprint0.Task3.V0.Test\Tyuiu.KomarovMI.Sprint0.Task3.V0.Test.csproj", "{45CCA82B-EC1D-4BD5-9355-F4FB8563823B}"
EndProject
Project("{2150E333-8FDC-42A3-9474-1A3956D46DE8}") = "Task4", "Task4", "{C12BADB9-AFDA-40BB-917E-659EBC2D074D}"
EndProject
Project("{FAE04EC0-301F-11D3-BF4B-00C04F79EFBC}") = "Tyuiu.KomarovMI.Sprint0.Task4.V0", "Tyuiu.KomarovMI.Sprint0.Task4.V0\Tyuiu.KomarovMI.Sprint0.Task4.V0.csproj", "{E0390C1C-055C-4E86-A724-B2BB8B7366F6}"
EndProject
Project("{FAE04EC0-301F-11D3-BF4B-00C04F79EFBC}") = "Tyuiu.KomarovMI.Sprint0.Task4.V0.Lib", "Tyuiu.KomarovMI.Sprint0.Task4.V0.Lib\Tyuiu.KomarovMI.Sprint0.Task4.V0.Lib.csproj", "{95FC5875-61DE-48C4-8F84-4B9E091AD3E7}"
EndProject
Project("{FAE04EC0-301F-11D3-BF4B-00C04F79EFBC}") = "Tyuiu.KomarovMI.Sprint0.Task4.V0.Test", "Tyuiu.KomarovMI.Sprint0.Task4.V0.Test\Tyuiu.KomarovMI.Sprint0.Task4.V0.Test.csproj", "{E502360C-E028-4DAC-8D78-2A1CC6CF6182}"
EndProject
Project("{2150E333-8FDC-42A3-9474-1A3956D46DE8}") = "Task5", "Task5", "{D7783938-EC8A-4C5D-83BC-B5ED8766BC7D}"
EndProject
Project("{FAE04EC0-301F-11D3-BF4B-00C04F79EFBC}") = "Tyuiu.KomarovMI.Sprint0.Task5.V0", "Tyuiu.KomarovMI.Sprint0.Task5.V0\Tyuiu.KomarovMI.Sprint0.Task5.V0.csproj", "{E71248DB-59A8-46A1-9A3B-33E4EF9F370E}"
EndProject
Project("{FAE04EC0-301F-11D3-BF4B-00C04F79EFBC}") = "Tyuiu.KomarovMI.Sprint0.Task5.V0.Lib", "Tyuiu.KomarovMI.Sprint0.Task5.V0.Lib\Tyuiu.KomarovMI.Sprint0.Task5.V0.Lib.csproj", "{2A2DBBD1-6FAD-4D8F-8450-54A5182434BD}"
EndProject
Project("{FAE04EC0-301F-11D3-BF4B-00C04F79EFBC}") = "Tyuiu.KomarovMI.Sprint0.Task5.V0.Test", "Tyuiu.KomarovMI.Sprint0.Task5.V0.Test\Tyuiu.KomarovMI.Sprint0.Task5.V0.Test.csproj", "{23BE74CA-40F0-4EBD-9AF4-D1B10FE8881A}"
EndProject
Project("{2150E333-8FDC-42A3-9474-1A3956D46DE8}") = "Task6", "Task6", "{DEF4D3ED-9EC7-4005-870B-B27B2BE50D32}"
EndProject
Project("{FAE04EC0-301F-11D3-BF4B-00C04F79EFBC}") = "Tyuiu.KomarovMI.Sprint0.Task6.V0", "Tyuiu.KomarovMI.Sprint0.Task6.V0\Tyuiu.KomarovMI.Sprint0.Task6.V0.csproj", "{2D911129-5C60-4C6E-8232-170F69A989B5}"
EndProject
Project("{FAE04EC0-301F-11D3-BF4B-00C04F79EFBC}") = "Tyuiu.KomarovMI.Sprint0.Task6.V0.Lib", "Tyuiu.KomarovMI.Sprint0.Task6.V0.Lib\Tyuiu.KomarovMI.Sprint0.Task6.V0.Lib.csproj", "{FBD8EBEB-CC3A-4C85-9D2A-DFC18F8F09A9}"
EndProject
Project("{FAE04EC0-301F-11D3-BF4B-00C04F79EFBC}") = "Tyuiu.KomarovMI.Sprint0.Task6.V0.Test", "Tyuiu.KomarovMI.Sprint0.Task6.V0.Test\Tyuiu.KomarovMI.Sprint0.Task6.V0.Test.csproj", "{6C13A024-5D05-4AF2-A154-5745579931A2}"
EndProject
Project("{2150E333-8FDC-42A3-9474-1A3956D46DE8}") = "Task7", "Task7", "{3E22F18C-0C90-405B-86EC-DAE8D60CFE10}"
EndProject
Project("{FAE04EC0-301F-11D3-BF4B-00C04F79EFBC}") = "Tyuiu.KomarovMI.Sprint0.Task7.V0", "Tyuiu.KomarovMI.Sprint0.Task7.V0\Tyuiu.KomarovMI.Sprint0.Task7.V0.csproj", "{E94A9797-16F0-4B35-A858-25ECD853C3A9}"
EndProject
Project("{FAE04EC0-301F-11D3-BF4B-00C04F79EFBC}") = "Tyuiu.KomarovMI.Sprint0.Task7.V0.Lib", "Tyuiu.KomarovMI.Sprint0.Task7.V0.Lib\Tyuiu.KomarovMI.Sprint0.Task7.V0.Lib.csproj", "{6969D9AB-30A0-4C4D-8C0F-2E0B0C27E196}"
EndProject
Project("{FAE04EC0-301F-11D3-BF4B-00C04F79EFBC}") = "Tyuiu.KomarovMI.Sprint0.Task7.V0.Test", "Tyuiu.KomarovMI.Sprint0.Task7.V0.Test\Tyuiu.KomarovMI.Sprint0.Task7.V0.Test.csproj", "{003C2523-6639-4526-9E6E-5C27D2A29DB6}"
EndProject
Global
	GlobalSection(SolutionConfigurationPlatforms) = preSolution
		Debug|Any CPU = Debug|Any CPU
		Release|Any CPU = Release|Any CPU
	EndGlobalSection
	GlobalSection(ProjectConfigurationPlatforms) = postSolution
		{E30D02D0-373B-4A51-A9F9-8F5404979C6A}.Debug|Any CPU.ActiveCfg = Debug|Any CPU
		{E30D02D0-373B-4A51-A9F9-8F5404979C6A}.Debug|Any CPU.Build.0 = Debug|Any CPU
		{E30D02D0-373B-4A51-A9F9-8F5404979C6A}.Release|Any CPU.ActiveCfg = Release|Any CPU
		{E30D02D0-373B-4A51-A9F9-8F5404979C6A}.Release|Any CPU.Build.0 = Release|Any CPU
		{844254AD-BDA7-433F-9365-3911A1BF2AE9}.Debug|Any CPU.ActiveCfg = Debug|Any CPU
		{844254AD-BDA7-433F-9365-3911A1BF2AE9}.Debug|Any CPU.Build.0 = Debug|Any CPU
		{844254AD-BDA7-433F-9365-3911A1BF2AE9}.Release|Any CPU.ActiveCfg = Release|Any CPU
		{844254AD-BDA7-433F-9365-3911A1BF2AE9}.Release|Any CPU.Build.0 = Release|Any CPU
		{01CECD99-6838-4F86-B3C7-D8835FFB89B7}.Debug|Any CPU.ActiveCfg = Debug|Any CPU
		{01CECD99-6838-4F86-B3C7-D8835FFB89B7}.Debug|Any CPU.Build.0 = Debug|Any CPU
		{01CECD99-6838-4F86-B3C7-D8835FFB89B7}.Release|Any CPU.ActiveCfg = Release|Any CPU
		{01CECD99-6838-4F86-B3C7-D8835FFB89B7}.Release|Any CPU.Build.0 = Release|Any CPU
		{FA49EF27-DF01-4D06-BC1B-ABEA99E79BF6}.Debug|Any CPU.ActiveCfg = Debug|Any CPU
		{FA49EF27-DF01-4D06-BC1B-ABEA99E79BF6}.Debug|Any CPU.Build.0 = Debug|Any CPU
		{FA49EF27-DF01-4D06-BC1B-ABEA99E79BF6}.Release|Any CPU.ActiveCfg = Release|Any CPU
		{FA49EF27-DF01-4D06-BC1B-ABEA99E79BF6}.Release|Any CPU.Build.0 = Release|Any CPU
		{6B5AF3D6-EF45-4926-9DF4-018A004AAA76}.Debug|Any CPU.ActiveCfg = Debug|Any CPU
		{6B5AF3D6-EF45-4926-9DF4-018A004AAA76}.Debug|Any CPU.Build.0 = Debug|Any CPU
		{6B5AF3D6-EF45-4926-9DF4-018A004AAA76}.Release|Any CPU.ActiveCfg = Release|Any CPU
		{6B5AF3D6-EF45-4926-9DF4-018A004AAA76}.Release|Any CPU.Build.0 = Release|Any CPU
		{0E57EEA2-86F5-4163-B480-F2669F1D3CB7}.Debug|Any CPU.ActiveCfg = Debug|Any CPU
		{0E57EEA2-86F5-4163-B480-F2669F1D3CB7}.Debug|Any CPU.Build.0 = Debug|Any CPU
		{0E57EEA2-86F5-4163-B480-F2669F1D3CB7}.Release|Any CPU.ActiveCfg = Release|Any CPU
		{0E57EEA2-86F5-4163-B480-F2669F1D3CB7}.Release|Any CPU.Build.0 = Release|Any CPU
		{30BE48ED-9906-4225-9667-A59F2A6C32EA}.Debug|Any CPU.ActiveCfg = Debug|Any CPU
		{30BE48ED-9906-4225-9667-A59F2A6C32EA}.Debug|Any CPU.Build.0 = Debug|Any CPU
		{30BE48ED-9906-4225-9667-A59F2A6C32EA}.Release|Any CPU.ActiveCfg = Release|Any CPU
		{30BE48ED-9906-4225-9667-A59F2A6C32EA}.Release|Any CPU.Build.0 = Release|Any CPU
		{45CCA82B-EC1D-4BD5-9355-F4FB8563823B}.Debug|Any CPU.ActiveCfg = Debug|Any CPU
		{45CCA82B-EC1D-4BD5-9355-F4FB8563823B}.Debug|Any CPU.Build.0 = Debug|Any CPU
		{45CCA82B-EC1D-4BD5-9355-F4FB8563823B}.Release|Any CPU.ActiveCfg = Release|Any CPU
		{45CCA82B-EC1D-4BD5-9355-F4FB8563823B}.Release|Any CPU.Build.0 = Release|Any CPU
		{E0390C1C-055C-4E86-A724-B2BB8B7366F6}.Debug|Any CPU.ActiveCfg = Debug|Any CPU
		{E0390C1C-055C-4E86-A724-B2BB8B7366F6}.Debug|Any CPU.Build.0 = Debug|Any CPU
		{E0390C1C-055C-4E86-A724-B2BB8B7366F6}.Release|Any CPU.ActiveCfg = Release|Any CPU
		{E0390C1C-055C-4E86-A724-B2BB8B7366F6}.Release|Any CPU.Build.0 = Release|Any CPU
		{95FC5875-61DE-48C4-8F84-4B9E091AD3E7}.Debug|Any CPU.ActiveCfg = Debug|Any CPU
		{95FC5875-61DE-48C4-8F84-4B9E091AD3E7}.Debug|Any CPU.Build.0 = Debug|Any CPU
		{95FC5875-61DE-48C4-8F84-4B9E091AD3E7}.Release|Any CPU.ActiveCfg = Release|Any CPU
		{95FC5875-61DE-48C4-8F84-4B9E091AD3E7}.Release|Any CPU.Build.0 = Release|Any CPU
		{E502360C-E028-4DAC-8D78-2A1CC6CF6182}.Debug|Any CPU.ActiveCfg = Debug|Any CPU
		{E502360C-E028-4DAC-8D78-2A1CC6CF6182}.Debug|Any CPU.Build.0 = Debug|Any CPU
		{E502360C-E028-4DAC-8D78-2A1CC6CF6182}.Release|Any CPU.ActiveCfg = Release|Any CPU
		{E502360C-E028-4DAC-8D78-2A1CC6CF6182}.Release|Any CPU.Build.0 = Release|Any CPU
		{E71248DB-59A8-46A1-9A3B-33E4EF9F370E}.Debug|Any CPU.ActiveCfg = Debug|Any CPU
		{E71248DB-59A8-46A1-9A3B-33E4EF9F370E}.Debug|Any CPU.Build.0 = Debug|Any CPU
		{E71248DB-59A8-46A1-9A3B-33E4EF9F370E}.Release|Any CPU.ActiveCfg = Release|Any CPU
		{E71248DB-59A8-46A1-9A3B-33E4EF9F370E}.Release|Any CPU.Build.0 = Release|Any CPU
		{2A2DBBD1-6FAD-4D8F-8450-54A5182434BD}.Debug|Any CPU.ActiveCfg = Debug|Any CPU
		{2A2DBBD1-6FAD-4D8F-8450-54A5182434BD}.Debug|Any CPU.Build.0 = Debug|Any CPU
		{2A2DBBD1-6FAD-4D8F-8450-54A5182434BD}.Release|Any CPU.ActiveCfg = Release|Any CPU
		{2A2DBBD1-6FAD-4D8F-8450-54A5182434BD}.Release|Any CPU.Build.0 = Release|Any CPU
		{23BE74CA-40F0-4EBD-9AF4-D1B10FE8881A}.Debug|Any CPU.ActiveCfg = Debug|Any CPU
		{23BE74CA-40F0-4EBD-9AF4-D1B10FE8881A}.Debug|Any CPU.Build.0 = Debug|Any CPU
		{23BE74CA-40F0-4EBD-9AF4-D1B10FE8881A}.Release|Any CPU.ActiveCfg = Release|Any CPU
		{23BE74CA-40F0-4EBD-9AF4-D1B10FE8881A}.Release|Any CPU.Build.0 = Release|Any CPU
		{2D911129-5C60-4C6E-8232-170F69A989B5}.Debug|Any CPU.ActiveCfg = Debug|Any CPU
		{2D911129-5C60-4C6E-8232-170F69A989B5}.Debug|Any CPU.Build.0 = Debug|Any CPU
		{2D911129-5C60-4C6E-8232-170F69A989B5}.Release|Any CPU.ActiveCfg = Release|Any CPU
		{2D911129-5C60-4C6E-8232-170F69A989B5}.Release|Any CPU.Build.0 = Release|Any CPU
		{FBD8EBEB-CC3A-4C85-9D2A-DFC18F8F09A9}.Debug|Any CPU.ActiveCfg = Debug|Any CPU
		{FBD8EBEB-CC3A-4C85-9D2A-DFC18F8F09A9}.Debug|Any CPU.Build.0 = Debug|Any CPU
		{FBD8EBEB-CC3A-4C85-9D2A-DFC18F8F09A9}.Release|Any CPU.ActiveCfg = Release|Any CPU
		{FBD8EBEB-CC3A-4C85-9D2A-DFC18F8F09A9}.Release|Any CPU.Build.0 = Release|Any CPU
		{6C13A024-5D05-4AF2-A154-5745579931A2}.Debug|Any CPU.ActiveCfg = Debug|Any CPU
		{6C13A024-5D05-4AF2-A154-5745579931A2}.Debug|Any CPU.Build.0 = Debug|Any CPU
		{6C13A024-5D05-4AF2-A154-5745579931A2}.Release|Any CPU.ActiveCfg = Release|Any CPU
		{6C13A024-5D05-4AF2-A154-5745579931A2}.Release|Any CPU.Build.0 = Release|Any CPU
		{E94A9797-16F0-4B35-A858-25ECD853C3A9}.Debug|Any CPU.ActiveCfg = Debug|Any CPU
		{E94A9797-16F0-4B35-A858-25ECD853C3A9}.Debug|Any CPU.Build.0 = Debug|Any CPU
		{E94A9797-16F0-4B35-A858-25ECD853C3A9}.Release|Any CPU.ActiveCfg = Release|Any CPU
		{E94A9797-16F0-4B35-A858-25ECD853C3A9}.Release|Any CPU.Build.0 = Release|Any CPU
		{6969D9AB-30A0-4C4D-8C0F-2E0B0C27E196}.Debug|Any CPU.ActiveCfg = Debug|Any CPU
		{6969D9AB-30A0-4C4D-8C0F-2E0B0C27E196}.Debug|Any CPU.Build.0 = Debug|Any CPU
		{6969D9AB-30A0-4C4D-8C0F-2E0B0C27E196}.Release|Any CPU.ActiveCfg = Release|Any CPU
		{6969D9AB-30A0-4C4D-8C0F-2E0B0C27E196}.Release|Any CPU.Build.0 = Release|Any CPU
		{003C2523-6639-4526-9E6E-5C27D2A29DB6}.Debug|Any CPU.ActiveCfg = Debug|Any CPU
		{003C2523-6639-4526-9E6E-5C27D2A29DB6}.Debug|Any CPU.Build.0 = Debug|Any CPU
		{003C2523-6639-4526-9E6E-5C27D2A29DB6}.Release|Any CPU.ActiveCfg = Release|Any CPU
		{003C2523-6639-4526-9E6E-5C27D2A29DB6}.Release|Any CPU.Build.0 = Release|Any CPU
	EndGlobalSection
	GlobalSection(SolutionProperties) = preSolution
		HideSolutionNode = FALSE
	EndGlobalSection
	GlobalSection(NestedProjects) = preSolution
		{E30D02D0-373B-4A51-A9F9-8F5404979C6A} = {9260D8F8-47D0-46E0-AA3C-16DB1583905E}
		{844254AD-BDA7-433F-9365-3911A1BF2AE9} = {FB05A146-904F-4EB2-BE21-80B4464DF29F}
		{01CECD99-6838-4F86-B3C7-D8835FFB89B7} = {DDB471EE-5737-4971-9BFC-D78767D879D4}
		{FA49EF27-DF01-4D06-BC1B-ABEA99E79BF6} = {DDB471EE-5737-4971-9BFC-D78767D879D4}
		{6B5AF3D6-EF45-4926-9DF4-018A004AAA76} = {DDB471EE-5737-4971-9BFC-D78767D879D4}
		{0E57EEA2-86F5-4163-B480-F2669F1D3CB7} = {47651623-C971-48AA-84DB-B846B43155B4}
		{30BE48ED-9906-4225-9667-A59F2A6C32EA} = {47651623-C971-48AA-84DB-B846B43155B4}
		{45CCA82B-EC1D-4BD5-9355-F4FB8563823B} = {47651623-C971-48AA-84DB-B846B43155B4}
		{E0390C1C-055C-4E86-A724-B2BB8B7366F6} = {C12BADB9-AFDA-40BB-917E-659EBC2D074D}
		{95FC5875-61DE-48C4-8F84-4B9E091AD3E7} = {C12BADB9-AFDA-40BB-917E-659EBC2D074D}
		{E502360C-E028-4DAC-8D78-2A1CC6CF6182} = {C12BADB9-AFDA-40BB-917E-659EBC2D074D}
		{E71248DB-59A8-46A1-9A3B-33E4EF9F370E} = {D7783938-EC8A-4C5D-83BC-B5ED8766BC7D}
		{2A2DBBD1-6FAD-4D8F-8450-54A5182434BD} = {D7783938-EC8A-4C5D-83BC-B5ED8766BC7D}
		{23BE74CA-40F0-4EBD-9AF4-D1B10FE8881A} = {D7783938-EC8A-4C5D-83BC-B5ED8766BC7D}
		{2D911129-5C60-4C6E-8232-170F69A989B5} = {DEF4D3ED-9EC7-4005-870B-B27B2BE50D32}
		{FBD8EBEB-CC3A-4C85-9D2A-DFC18F8F09A9} = {DEF4D3ED-9EC7-4005-870B-B27B2BE50D32}
		{6C13A024-5D05-4AF2-A154-5745579931A2} = {DEF4D3ED-9EC7-4005-870B-B27B2BE50D32}
		{E94A9797-16F0-4B35-A858-25ECD853C3A9} = {3E22F18C-0C90-405B-86EC-DAE8D60CFE10}
		{6969D9AB-30A0-4C4D-8C0F-2E0B0C27E196} = {3E22F18C-0C90-405B-86EC-DAE8D60CFE10}
		{003C2523-6639-4526-9E6E-5C27D2A29DB6} = {3E22F18C-0C90-405B-86EC-DAE8D60CFE10}
	EndGlobalSection
	GlobalSection(ExtensibilityGlobals) = postSolution
		SolutionGuid = {7CA98AF5-4C1E-497E-9D9C-9427EE6847D1}
	EndGlobalSection
EndGlobal
